{
	"name": "module1",
	"version": "1.0.0",
	"lockfileVersion": 1,
	"requires": true,
	"dependencies": {
		"lodash": {
			"version": "4.16.1",
			"resolved": "https://registry.npmmirror.com/lodash/-/lodash-4.16.1.tgz",
			"integrity": "sha512-qK+vzI6bQ91q3gkfBKpO0rgR0qV6ECjT1+ZBprnFejldHGi74AQ9MPWfSreqqzaF0aLRC7qnnYb5AjTwLXSNKw=="
		}
	}
}
